// !$*UTF8*$!
{
	archiveVersion = 1;
	classes = {
	};
	objectVersion = 55;
	objects = {

/* Begin PBXBuildFile section */
		D8FA65A3281FCB1600E32075 /* AppDelegate.m in Sources */ = {isa = PBXBuildFile; fileRef = D8FA65A2281FCB1600E32075 /* AppDelegate.m */; };
		D8FA65A6281FCB1600E32075 /* SceneDelegate.m in Sources */ = {isa = PBXBuildFile; fileRef = D8FA65A5281FCB1600E32075 /* SceneDelegate.m */; };
		D8FA65A9281FCB1600E32075 /* ViewController.m in Sources */ = {isa = PBXBuildFile; fileRef = D8FA65A8281FCB1600E32075 /* ViewController.m */; };
		D8FA65AC281FCB1600E32075 /* Main.storyboard in Resources */ = {isa = PBXBuildFile; fileRef = D8FA65AA281FCB1600E32075 /* Main.storyboard */; };
		D8FA65AE281FCB1800E32075 /* Assets.xcassets in Resources */ = {isa = PBXBuildFile; fileRef = D8FA65AD281FCB1800E32075 /* Assets.xcassets */; };
		D8FA65B1281FCB1800E32075 /* LaunchScreen.storyboard in Resources */ = {isa = PBXBuildFile; fileRef = D8FA65AF281FCB1800E32075 /* LaunchScreen.storyboard */; };
		D8FA65B4281FCB1800E32075 /* main.m in Sources */ = {isa = PBXBuildFile; fileRef = D8FA65B3281FCB1800E32075 /* main.m */; };
		D8FA65BE281FCB1800E32075 /* LarkRATests.m in Sources */ = {isa = PBXBuildFile; fileRef = D8FA65BD281FCB1800E32075 /* LarkRATests.m */; };
		D8FA65C8281FCB1900E32075 /* LarkRAUITests.m in Sources */ = {isa = PBXBuildFile; fileRef = D8FA65C7281FCB1900E32075 /* LarkRAUITests.m */; };
		D8FA65CA281FCB1900E32075 /* LarkRAUITestsLaunchTests.m in Sources */ = {isa = PBXBuildFile; fileRef = D8FA65C9281FCB1900E32075 /* LarkRAUITestsLaunchTests.m */; };
		D8FA65DB281FDFCB00E32075 /* LarkViewController.m in Sources */ = {isa = PBXBuildFile; fileRef = D8FA65DA281FDFCB00E32075 /* LarkViewController.m */; };
		D8FA65DE281FDFDE00E32075 /* ClockViewController.m in Sources */ = {isa = PBXBuildFile; fileRef = D8FA65DD281FDFDE00E32075 /* ClockViewController.m */; };
		D8FA65E2281FE1C200E32075 /* RobotCell.m in Sources */ = {isa = PBXBuildFile; fileRef = D8FA65E1281FE1C200E32075 /* RobotCell.m */; };
		D8FA65E5281FE5DD00E32075 /* RobotViewController.m in Sources */ = {isa = PBXBuildFile; fileRef = D8FA65E4281FE5DD00E32075 /* RobotViewController.m */; };
		D8FA65E72820183A00E32075 /* LCD.TTF in Resources */ = {isa = PBXBuildFile; fileRef = D8FA65E62820183A00E32075 /* LCD.TTF */; };
		D8FA65EA2820193600E32075 /* GCDTimer.m in Sources */ = {isa = PBXBuildFile; fileRef = D8FA65E92820193600E32075 /* GCDTimer.m */; };
		D8FA65EC282036D300E32075 /* ToolsDog.png in Resources */ = {isa = PBXBuildFile; fileRef = D8FA65EB282036D300E32075 /* ToolsDog.png */; };
/* End PBXBuildFile section */

/* Begin PBXContainerItemProxy section */
		D8FA65BA281FCB1800E32075 /* PBXContainerItemProxy */ = {
			isa = PBXContainerItemProxy;
			containerPortal = D8FA6596281FCB1600E32075 /* Project object */;
			proxyType = 1;
			remoteGlobalIDString = D8FA659D281FCB1600E32075;
			remoteInfo = LarkRA;
		};
		D8FA65C4281FCB1900E32075 /* PBXContainerItemProxy */ = {
			isa = PBXContainerItemProxy;
			containerPortal = D8FA6596281FCB1600E32075 /* Project object */;
			proxyType = 1;
			remoteGlobalIDString = D8FA659D281FCB1600E32075;
			remoteInfo = LarkRA;
		};
/* End PBXContainerItemProxy section */

/* Begin PBXFileReference section */
		D8FA659E281FCB1600E32075 /* LarkRA.app */ = {isa = PBXFileReference; explicitFileType = wrapper.application; includeInIndex = 0; path = LarkRA.app; sourceTree = BUILT_PRODUCTS_DIR; };
		D8FA65A1281FCB1600E32075 /* AppDelegate.h */ = {isa = PBXFileReference; lastKnownFileType = sourcecode.c.h; path = AppDelegate.h; sourceTree = "<group>"; };
		D8FA65A2281FCB1600E32075 /* AppDelegate.m */ = {isa = PBXFileReference; lastKnownFileType = sourcecode.c.objc; path = AppDelegate.m; sourceTree = "<group>"; };
		D8FA65A4281FCB1600E32075 /* SceneDelegate.h */ = {isa = PBXFileReference; lastKnownFileType = sourcecode.c.h; path = SceneDelegate.h; sourceTree = "<group>"; };
		D8FA65A5281FCB1600E32075 /* SceneDelegate.m */ = {isa = PBXFileReference; lastKnownFileType = sourcecode.c.objc; path = SceneDelegate.m; sourceTree = "<group>"; };
		D8FA65A7281FCB1600E32075 /* ViewController.h */ = {isa = PBXFileReference; lastKnownFileType = sourcecode.c.h; path = ViewController.h; sourceTree = "<group>"; };
		D8FA65A8281FCB1600E32075 /* ViewController.m */ = {isa = PBXFileReference; lastKnownFileType = sourcecode.c.objc; path = ViewController.m; sourceTree = "<group>"; };
		D8FA65AB281FCB1600E32075 /* Base */ = {isa = PBXFileReference; lastKnownFileType = file.storyboard; name = Base; path = Base.lproj/Main.storyboard; sourceTree = "<group>"; };
		D8FA65AD281FCB1800E32075 /* Assets.xcassets */ = {isa = PBXFileReference; lastKnownFileType = folder.assetcatalog; path = Assets.xcassets; sourceTree = "<group>"; };
		D8FA65B0281FCB1800E32075 /* Base */ = {isa = PBXFileReference; lastKnownFileType = file.storyboard; name = Base; path = Base.lproj/LaunchScreen.storyboard; sourceTree = "<group>"; };
		D8FA65B2281FCB1800E32075 /* Info.plist */ = {isa = PBXFileReference; lastKnownFileType = text.plist.xml; path = Info.plist; sourceTree = "<group>"; };
		D8FA65B3281FCB1800E32075 /* main.m */ = {isa = PBXFileReference; lastKnownFileType = sourcecode.c.objc; path = main.m; sourceTree = "<group>"; };
		D8FA65B9281FCB1800E32075 /* LarkRATests.xctest */ = {isa = PBXFileReference; explicitFileType = wrapper.cfbundle; includeInIndex = 0; path = LarkRATests.xctest; sourceTree = BUILT_PRODUCTS_DIR; };
		D8FA65BD281FCB1800E32075 /* LarkRATests.m */ = {isa = PBXFileReference; lastKnownFileType = sourcecode.c.objc; path = LarkRATests.m; sourceTree = "<group>"; };
		D8FA65C3281FCB1900E32075 /* LarkRAUITests.xctest */ = {isa = PBXFileReference; explicitFileType = wrapper.cfbundle; includeInIndex = 0; path = LarkRAUITests.xctest; sourceTree = BUILT_PRODUCTS_DIR; };
		D8FA65C7281FCB1900E32075 /* LarkRAUITests.m */ = {isa = PBXFileReference; lastKnownFileType = sourcecode.c.objc; path = LarkRAUITests.m; sourceTree = "<group>"; };
		D8FA65C9281FCB1900E32075 /* LarkRAUITestsLaunchTests.m */ = {isa = PBXFileReference; lastKnownFileType = sourcecode.c.objc; path = LarkRAUITestsLaunchTests.m; sourceTree = "<group>"; };
		D8FA65D9281FDFCB00E32075 /* LarkViewController.h */ = {isa = PBXFileReference; lastKnownFileType = sourcecode.c.h; path = LarkViewController.h; sourceTree = "<group>"; };
		D8FA65DA281FDFCB00E32075 /* LarkViewController.m */ = {isa = PBXFileReference; lastKnownFileType = sourcecode.c.objc; path = LarkViewController.m; sourceTree = "<group>"; };
		D8FA65DC281FDFDE00E32075 /* ClockViewController.h */ = {isa = PBXFileReference; lastKnownFileType = sourcecode.c.h; path = ClockViewController.h; sourceTree = "<group>"; };
		D8FA65DD281FDFDE00E32075 /* ClockViewController.m */ = {isa = PBXFileReference; lastKnownFileType = sourcecode.c.objc; path = ClockViewController.m; sourceTree = "<group>"; };
		D8FA65DF281FE02C00E32075 /* LarkRA.entitlements */ = {isa = PBXFileReference; lastKnownFileType = text.plist.entitlements; path = LarkRA.entitlements; sourceTree = "<group>"; };
		D8FA65E0281FE1C200E32075 /* RobotCell.h */ = {isa = PBXFileReference; lastKnownFileType = sourcecode.c.h; path = RobotCell.h; sourceTree = "<group>"; };
		D8FA65E1281FE1C200E32075 /* RobotCell.m */ = {isa = PBXFileReference; lastKnownFileType = sourcecode.c.objc; path = RobotCell.m; sourceTree = "<group>"; };
		D8FA65E3281FE5DD00E32075 /* RobotViewController.h */ = {isa = PBXFileReference; lastKnownFileType = sourcecode.c.h; path = RobotViewController.h; sourceTree = "<group>"; };
		D8FA65E4281FE5DD00E32075 /* RobotViewController.m */ = {isa = PBXFileReference; lastKnownFileType = sourcecode.c.objc; path = RobotViewController.m; sourceTree = "<group>"; };
		D8FA65E62820183A00E32075 /* LCD.TTF */ = {isa = PBXFileReference; lastKnownFileType = file; path = LCD.TTF; sourceTree = "<group>"; };
		D8FA65E82820193600E32075 /* GCDTimer.h */ = {isa = PBXFileReference; lastKnownFileType = sourcecode.c.h; path = GCDTimer.h; sourceTree = "<group>"; };
		D8FA65E92820193600E32075 /* GCDTimer.m */ = {isa = PBXFileReference; lastKnownFileType = sourcecode.c.objc; path = GCDTimer.m; sourceTree = "<group>"; };
		D8FA65EB282036D300E32075 /* ToolsDog.png */ = {isa = PBXFileReference; lastKnownFileType = image.png; path = ToolsDog.png; sourceTree = "<group>"; };
/* End PBXFileReference section */

/* Begin PBXFrameworksBuildPhase section */
		D8FA659B281FCB1600E32075 /* Frameworks */ = {
			isa = PBXFrameworksBuildPhase;
			buildActionMask = 2147483647;
			files = (
			);
			runOnlyForDeploymentPostprocessing = 0;
		};
		D8FA65B6281FCB1800E32075 /* Frameworks */ = {
			isa = PBXFrameworksBuildPhase;
			buildActionMask = 2147483647;
			files = (
			);
			runOnlyForDeploymentPostprocessing = 0;
		};
		D8FA65C0281FCB1900E32075 /* Frameworks */ = {
			isa = PBXFrameworksBuildPhase;
			buildActionMask = 2147483647;
			files = (
			);
			runOnlyForDeploymentPostprocessing = 0;
		};
/* End PBXFrameworksBuildPhase section */

/* Begin PBXGroup section */
		D8FA6595281FCB1600E32075 = {
			isa = PBXGroup;
			children = (
				D8FA65A0281FCB1600E32075 /* LarkRA */,
				D8FA65BC281FCB1800E32075 /* LarkRATests */,
				D8FA65C6281FCB1900E32075 /* LarkRAUITests */,
				D8FA659F281FCB1600E32075 /* Products */,
			);
			sourceTree = "<group>";
		};
		D8FA659F281FCB1600E32075 /* Products */ = {
			isa = PBXGroup;
			children = (
				D8FA659E281FCB1600E32075 /* LarkRA.app */,
				D8FA65B9281FCB1800E32075 /* LarkRATests.xctest */,
				D8FA65C3281FCB1900E32075 /* LarkRAUITests.xctest */,
			);
			name = Products;
			sourceTree = "<group>";
		};
		D8FA65A0281FCB1600E32075 /* LarkRA */ = {
			isa = PBXGroup;
			children = (
				D8FA65DF281FE02C00E32075 /* LarkRA.entitlements */,
				D8FA65A1281FCB1600E32075 /* AppDelegate.h */,
				D8FA65A2281FCB1600E32075 /* AppDelegate.m */,
				D8FA65A4281FCB1600E32075 /* SceneDelegate.h */,
				D8FA65A5281FCB1600E32075 /* SceneDelegate.m */,
				D8FA65A7281FCB1600E32075 /* ViewController.h */,
				D8FA65A8281FCB1600E32075 /* ViewController.m */,
				D8FA65AA281FCB1600E32075 /* Main.storyboard */,
				D8FA65D9281FDFCB00E32075 /* LarkViewController.h */,
				D8FA65DA281FDFCB00E32075 /* LarkViewController.m */,
				D8FA65E0281FE1C200E32075 /* RobotCell.h */,
				D8FA65E1281FE1C200E32075 /* RobotCell.m */,
				D8FA65E3281FE5DD00E32075 /* RobotViewController.h */,
				D8FA65E4281FE5DD00E32075 /* RobotViewController.m */,
				D8FA65DC281FDFDE00E32075 /* ClockViewController.h */,
				D8FA65DD281FDFDE00E32075 /* ClockViewController.m */,
				D8FA65E82820193600E32075 /* GCDTimer.h */,
				D8FA65E92820193600E32075 /* GCDTimer.m */,
				D8FA65AD281FCB1800E32075 /* Assets.xcassets */,
				D8FA65E62820183A00E32075 /* LCD.TTF */,
				D8FA65AF281FCB1800E32075 /* LaunchScreen.storyboard */,
				D8FA65B2281FCB1800E32075 /* Info.plist */,
				D8FA65EB282036D300E32075 /* ToolsDog.png */,
				D8FA65B3281FCB1800E32075 /* main.m */,
			);
			path = LarkRA;
			sourceTree = "<group>";
		};
		D8FA65BC281FCB1800E32075 /* LarkRATests */ = {
			isa = PBXGroup;
			children = (
				D8FA65BD281FCB1800E32075 /* LarkRATests.m */,
			);
			path = LarkRATests;
			sourceTree = "<group>";
		};
		D8FA65C6281FCB1900E32075 /* LarkRAUITests */ = {
			isa = PBXGroup;
			children = (
				D8FA65C7281FCB1900E32075 /* LarkRAUITests.m */,
				D8FA65C9281FCB1900E32075 /* LarkRAUITestsLaunchTests.m */,
			);
			path = LarkRAUITests;
			sourceTree = "<group>";
		};
/* End PBXGroup section */

/* Begin PBXNativeTarget section */
		D8FA659D281FCB1600E32075 /* LarkRA */ = {
			isa = PBXNativeTarget;
			buildConfigurationList = D8FA65CD281FCB1900E32075 /* Build configuration list for PBXNativeTarget "LarkRA" */;
			buildPhases = (
				D8FA659A281FCB1600E32075 /* Sources */,
				D8FA659B281FCB1600E32075 /* Frameworks */,
				D8FA659C281FCB1600E32075 /* Resources */,
			);
			buildRules = (
			);
			dependencies = (
			);
			name = LarkRA;
			productName = LarkRA;
			productReference = D8FA659E281FCB1600E32075 /* LarkRA.app */;
			productType = "com.apple.product-type.application";
		};
		D8FA65B8281FCB1800E32075 /* LarkRATests */ = {
			isa = PBXNativeTarget;
			buildConfigurationList = D8FA65D0281FCB1900E32075 /* Build configuration list for PBXNativeTarget "LarkRATests" */;
			buildPhases = (
				D8FA65B5281FCB1800E32075 /* Sources */,
				D8FA65B6281FCB1800E32075 /* Frameworks */,
				D8FA65B7281FCB1800E32075 /* Resources */,
			);
			buildRules = (
			);
			dependencies = (
				D8FA65BB281FCB1800E32075 /* PBXTargetDependency */,
			);
			name = LarkRATests;
			productName = LarkRATests;
			productReference = D8FA65B9281FCB1800E32075 /* LarkRATests.xctest */;
			productType = "com.apple.product-type.bundle.unit-test";
		};
		D8FA65C2281FCB1900E32075 /* LarkRAUITests */ = {
			isa = PBXNativeTarget;
			buildConfigurationList = D8FA65D3281FCB1900E32075 /* Build configuration list for PBXNativeTarget "LarkRAUITests" */;
			buildPhases = (
				D8FA65BF281FCB1900E32075 /* Sources */,
				D8FA65C0281FCB1900E32075 /* Frameworks */,
				D8FA65C1281FCB1900E32075 /* Resources */,
			);
			buildRules = (
			);
			dependencies = (
				D8FA65C5281FCB1900E32075 /* PBXTargetDependency */,
			);
			name = LarkRAUITests;
			productName = LarkRAUITests;
			productReference = D8FA65C3281FCB1900E32075 /* LarkRAUITests.xctest */;
			productType = "com.apple.product-type.bundle.ui-testing";
		};
/* End PBXNativeTarget section */

/* Begin PBXProject section */
		D8FA6596281FCB1600E32075 /* Project object */ = {
			isa = PBXProject;
			attributes = {
				BuildIndependentTargetsInParallel = 1;
				LastUpgradeCheck = 1330;
				TargetAttributes = {
					D8FA659D281FCB1600E32075 = {
						CreatedOnToolsVersion = 13.3.1;
					};
					D8FA65B8281FCB1800E32075 = {
						CreatedOnToolsVersion = 13.3.1;
						TestTargetID = D8FA659D281FCB1600E32075;
					};
					D8FA65C2281FCB1900E32075 = {
						CreatedOnToolsVersion = 13.3.1;
						TestTargetID = D8FA659D281FCB1600E32075;
					};
				};
			};
			buildConfigurationList = D8FA6599281FCB1600E32075 /* Build configuration list for PBXProject "LarkRA" */;
			compatibilityVersion = "Xcode 13.0";
			developmentRegion = en;
			hasScannedForEncodings = 0;
			knownRegions = (
				en,
				Base,
			);
			mainGroup = D8FA6595281FCB1600E32075;
			productRefGroup = D8FA659F281FCB1600E32075 /* Products */;
			projectDirPath = "";
			projectRoot = "";
			targets = (
				D8FA659D281FCB1600E32075 /* LarkRA */,
				D8FA65B8281FCB1800E32075 /* LarkRATests */,
				D8FA65C2281FCB1900E32075 /* LarkRAUITests */,
			);
		};
/* End PBXProject section */

/* Begin PBXResourcesBuildPhase section */
		D8FA659C281FCB1600E32075 /* Resources */ = {
			isa = PBXResourcesBuildPhase;
			buildActionMask = 2147483647;
			files = (
				D8FA65B1281FCB1800E32075 /* LaunchScreen.storyboard in Resources */,
				D8FA65AE281FCB1800E32075 /* Assets.xcassets in Resources */,
				D8FA65E72820183A00E32075 /* LCD.TTF in Resources */,
				D8FA65AC281FCB1600E32075 /* Main.storyboard in Resources */,
				D8FA65EC282036D300E32075 /* ToolsDog.png in Resources */,
			);
			runOnlyForDeploymentPostprocessing = 0;
		};
		D8FA65B7281FCB1800E32075 /* Resources */ = {
			isa = PBXResourcesBuildPhase;
			buildActionMask = 2147483647;
			files = (
			);
			runOnlyForDeploymentPostprocessing = 0;
		};
		D8FA65C1281FCB1900E32075 /* Resources */ = {
			isa = PBXResourcesBuildPhase;
			buildActionMask = 2147483647;
			files = (
			);
			runOnlyForDeploymentPostprocessing = 0;
		};
/* End PBXResourcesBuildPhase section */

/* Begin PBXSourcesBuildPhase section */
		D8FA659A281FCB1600E32075 /* Sources */ = {
			isa = PBXSourcesBuildPhase;
			buildActionMask = 2147483647;
			files = (
				D8FA65EA2820193600E32075 /* GCDTimer.m in Sources */,
				D8FA65DB281FDFCB00E32075 /* LarkViewController.m in Sources */,
				D8FA65A9281FCB1600E32075 /* ViewController.m in Sources */,
				D8FA65A3281FCB1600E32075 /* AppDelegate.m in Sources */,
				D8FA65DE281FDFDE00E32075 /* ClockViewController.m in Sources */,
				D8FA65B4281FCB1800E32075 /* main.m in Sources */,
				D8FA65E5281FE5DD00E32075 /* RobotViewController.m in Sources */,
				D8FA65E2281FE1C200E32075 /* RobotCell.m in Sources */,
				D8FA65A6281FCB1600E32075 /* SceneDelegate.m in Sources */,
			);
			runOnlyForDeploymentPostprocessing = 0;
		};
		D8FA65B5281FCB1800E32075 /* Sources */ = {
			isa = PBXSourcesBuildPhase;
			buildActionMask = 2147483647;
			files = (
				D8FA65BE281FCB1800E32075 /* LarkRATests.m in Sources */,
			);
			runOnlyForDeploymentPostprocessing = 0;
		};
		D8FA65BF281FCB1900E32075 /* Sources */ = {
			isa = PBXSourcesBuildPhase;
			buildActionMask = 2147483647;
			files = (
				D8FA65C8281FCB1900E32075 /* LarkRAUITests.m in Sources */,
				D8FA65CA281FCB1900E32075 /* LarkRAUITestsLaunchTests.m in Sources */,
			);
			runOnlyForDeploymentPostprocessing = 0;
		};
/* End PBXSourcesBuildPhase section */

/* Begin PBXTargetDependency section */
		D8FA65BB281FCB1800E32075 /* PBXTargetDependency */ = {
			isa = PBXTargetDependency;
			target = D8FA659D281FCB1600E32075 /* LarkRA */;
			targetProxy = D8FA65BA281FCB1800E32075 /* PBXContainerItemProxy */;
		};
		D8FA65C5281FCB1900E32075 /* PBXTargetDependency */ = {
			isa = PBXTargetDependency;
			target = D8FA659D281FCB1600E32075 /* LarkRA */;
			targetProxy = D8FA65C4281FCB1900E32075 /* PBXContainerItemProxy */;
		};
/* End PBXTargetDependency section */

/* Begin PBXVariantGroup section */
		D8FA65AA281FCB1600E32075 /* Main.storyboard */ = {
			isa = PBXVariantGroup;
			children = (
				D8FA65AB281FCB1600E32075 /* Base */,
			);
			name = Main.storyboard;
			sourceTree = "<group>";
		};
		D8FA65AF281FCB1800E32075 /* LaunchScreen.storyboard */ = {
			isa = PBXVariantGroup;
			children = (
				D8FA65B0281FCB1800E32075 /* Base */,
			);
			name = LaunchScreen.storyboard;
			sourceTree = "<group>";
		};
/* End PBXVariantGroup section */

/* Begin XCBuildConfiguration section */
		D8FA65CB281FCB1900E32075 /* Debug */ = {
			isa = XCBuildConfiguration;
			buildSettings = {
				ALWAYS_SEARCH_USER_PATHS = NO;
				CLANG_ANALYZER_NONNULL = YES;
				CLANG_ANALYZER_NUMBER_OBJECT_CONVERSION = YES_AGGRESSIVE;
				CLANG_CXX_LANGUAGE_STANDARD = "gnu++17";
				CLANG_ENABLE_MODULES = YES;
				CLANG_ENABLE_OBJC_ARC = YES;
				CLANG_ENABLE_OBJC_WEAK = YES;
				CLANG_WARN_BLOCK_CAPTURE_AUTORELEASING = YES;
				CLANG_WARN_BOOL_CONVERSION = YES;
				CLANG_WARN_COMMA = YES;
				CLANG_WARN_CONSTANT_CONVERSION = YES;
				CLANG_WARN_DEPRECATED_OBJC_IMPLEMENTATIONS = YES;
				CLANG_WARN_DIRECT_OBJC_ISA_USAGE = YES_ERROR;
				CLANG_WARN_DOCUMENTATION_COMMENTS = YES;
				CLANG_WARN_EMPTY_BODY = YES;
				CLANG_WARN_ENUM_CONVERSION = YES;
				CLANG_WARN_INFINITE_RECURSION = YES;
				CLANG_WARN_INT_CONVERSION = YES;
				CLANG_WARN_NON_LITERAL_NULL_CONVERSION = YES;
				CLANG_WARN_OBJC_IMPLICIT_RETAIN_SELF = YES;
				CLANG_WARN_OBJC_LITERAL_CONVERSION = YES;
				CLANG_WARN_OBJC_ROOT_CLASS = YES_ERROR;
				CLANG_WARN_QUOTED_INCLUDE_IN_FRAMEWORK_HEADER = YES;
				CLANG_WARN_RANGE_LOOP_ANALYSIS = YES;
				CLANG_WARN_STRICT_PROTOTYPES = YES;
				CLANG_WARN_SUSPICIOUS_MOVE = YES;
				CLANG_WARN_UNGUARDED_AVAILABILITY = YES_AGGRESSIVE;
				CLANG_WARN_UNREACHABLE_CODE = YES;
				CLANG_WARN__DUPLICATE_METHOD_MATCH = YES;
				COPY_PHASE_STRIP = NO;
				DEBUG_INFORMATION_FORMAT = dwarf;
				ENABLE_STRICT_OBJC_MSGSEND = YES;
				ENABLE_TESTABILITY = YES;
				GCC_C_LANGUAGE_STANDARD = gnu11;
				GCC_DYNAMIC_NO_PIC = NO;
				GCC_NO_COMMON_BLOCKS = YES;
				GCC_OPTIMIZATION_LEVEL = 0;
				GCC_PREPROCESSOR_DEFINITIONS = (
					"DEBUG=1",
					"$(inherited)",
				);
				GCC_WARN_64_TO_32_BIT_CONVERSION = YES;
				GCC_WARN_ABOUT_RETURN_TYPE = YES_ERROR;
				GCC_WARN_UNDECLARED_SELECTOR = YES;
				GCC_WARN_UNINITIALIZED_AUTOS = YES_AGGRESSIVE;
				GCC_WARN_UNUSED_FUNCTION = YES;
				GCC_WARN_UNUSED_VARIABLE = YES;
				IPHONEOS_DEPLOYMENT_TARGET = 14.0;
				MTL_ENABLE_DEBUG_INFO = INCLUDE_SOURCE;
				MTL_FAST_MATH = YES;
				ONLY_ACTIVE_ARCH = YES;
				SDKROOT = iphoneos;
			};
			name = Debug;
		};
		D8FA65CC281FCB1900E32075 /* Release */ = {
			isa = XCBuildConfiguration;
			buildSettings = {
				ALWAYS_SEARCH_USER_PATHS = NO;
				CLANG_ANALYZER_NONNULL = YES;
				CLANG_ANALYZER_NUMBER_OBJECT_CONVERSION = YES_AGGRESSIVE;
				CLANG_CXX_LANGUAGE_STANDARD = "gnu++17";
				CLANG_ENABLE_MODULES = YES;
				CLANG_ENABLE_OBJC_ARC = YES;
				CLANG_ENABLE_OBJC_WEAK = YES;
				CLANG_WARN_BLOCK_CAPTURE_AUTORELEASING = YES;
				CLANG_WARN_BOOL_CONVERSION = YES;
				CLANG_WARN_COMMA = YES;
				CLANG_WARN_CONSTANT_CONVERSION = YES;
				CLANG_WARN_DEPRECATED_OBJC_IMPLEMENTATIONS = YES;
				CLANG_WARN_DIRECT_OBJC_ISA_USAGE = YES_ERROR;
				CLANG_WARN_DOCUMENTATION_COMMENTS = YES;
				CLANG_WARN_EMPTY_BODY = YES;
				CLANG_WARN_ENUM_CONVERSION = YES;
				CLANG_WARN_INFINITE_RECURSION = YES;
				CLANG_WARN_INT_CONVERSION = YES;
				CLANG_WARN_NON_LITERAL_NULL_CONVERSION = YES;
				CLANG_WARN_OBJC_IMPLICIT_RETAIN_SELF = YES;
				CLANG_WARN_OBJC_LITERAL_CONVERSION = YES;
				CLANG_WARN_OBJC_ROOT_CLASS = YES_ERROR;
				CLANG_WARN_QUOTED_INCLUDE_IN_FRAMEWORK_HEADER = YES;
				CLANG_WARN_RANGE_LOOP_ANALYSIS = YES;
				CLANG_WARN_STRICT_PROTOTYPES = YES;
				CLANG_WARN_SUSPICIOUS_MOVE = YES;
				CLANG_WARN_UNGUARDED_AVAILABILITY = YES_AGGRESSIVE;
				CLANG_WARN_UNREACHABLE_CODE = YES;
				CLANG_WARN__DUPLICATE_METHOD_MATCH = YES;
				COPY_PHASE_STRIP = NO;
				DEBUG_INFORMATION_FORMAT = "dwarf-with-dsym";
				ENABLE_NS_ASSERTIONS = NO;
				ENABLE_STRICT_OBJC_MSGSEND = YES;
				GCC_C_LANGUAGE_STANDARD = gnu11;
				GCC_NO_COMMON_BLOCKS = YES;
				GCC_WARN_64_TO_32_BIT_CONVERSION = YES;
				GCC_WARN_ABOUT_RETURN_TYPE = YES_ERROR;
				GCC_WARN_UNDECLARED_SELECTOR = YES;
				GCC_WARN_UNINITIALIZED_AUTOS = YES_AGGRESSIVE;
				GCC_WARN_UNUSED_FUNCTION = YES;
				GCC_WARN_UNUSED_VARIABLE = YES;
				IPHONEOS_DEPLOYMENT_TARGET = 14.0;
				MTL_ENABLE_DEBUG_INFO = NO;
				MTL_FAST_MATH = YES;
				SDKROOT = iphoneos;
				VALIDATE_PRODUCT = YES;
			};
			name = Release;
		};
		D8FA65CE281FCB1900E32075 /* Debug */ = {
			isa = XCBuildConfiguration;
			buildSettings = {
				ASSETCATALOG_COMPILER_APPICON_NAME = AppIcon;
				ASSETCATALOG_COMPILER_GLOBAL_ACCENT_COLOR_NAME = AccentColor;
				CODE_SIGN_ENTITLEMENTS = LarkRA/LarkRA.entitlements;
				CODE_SIGN_IDENTITY = "iPhone Developer";
				"CODE_SIGN_IDENTITY[sdk=macosx*]" = "Apple Development";
				CODE_SIGN_STYLE = Manual;
				CURRENT_PROJECT_VERSION = 1;
				DEVELOPMENT_TEAM = QY89R86Q5S;
				GENERATE_INFOPLIST_FILE = YES;
				INFOPLIST_FILE = LarkRA/Info.plist;
				INFOPLIST_KEY_CFBundleDisplayName = ToolsDog;
				INFOPLIST_KEY_LSApplicationCategoryType = "public.app-category.lifestyle";
				INFOPLIST_KEY_UIApplicationSupportsIndirectInputEvents = YES;
				INFOPLIST_KEY_UILaunchStoryboardName = LaunchScreen;
				INFOPLIST_KEY_UIMainStoryboardFile = Main;
				INFOPLIST_KEY_UISupportedInterfaceOrientations = "UIInterfaceOrientationPortrait UIInterfaceOrientationPortraitUpsideDown UIInterfaceOrientationLandscapeLeft UIInterfaceOrientationLandscapeRight";
				INFOPLIST_KEY_UISupportedInterfaceOrientations_iPad = "UIInterfaceOrientationPortrait UIInterfaceOrientationPortraitUpsideDown UIInterfaceOrientationLandscapeLeft UIInterfaceOrientationLandscapeRight";
				INFOPLIST_KEY_UISupportedInterfaceOrientations_iPhone = "UIInterfaceOrientationPortrait UIInterfaceOrientationLandscapeLeft UIInterfaceOrientationLandscapeRight";
				IPHONEOS_DEPLOYMENT_TARGET = 14.0;
				LD_RUNPATH_SEARCH_PATHS = (
					"$(inherited)",
					"@executable_path/Frameworks",
				);
				MARKETING_VERSION = 1.0;
				PRODUCT_BUNDLE_IDENTIFIER = com.tianyu.king.pi1xo;
				"PRODUCT_BUNDLE_IDENTIFIER[sdk=macosx*]" = com.tianyu.king.pi1xo;
				PRODUCT_NAME = "$(TARGET_NAME)";
				PROVISIONING_PROFILE_SPECIFIER = tianyu_dev;
				"PROVISIONING_PROFILE_SPECIFIER[sdk=macosx*]" = "";
				SUPPORTS_MACCATALYST = YES;
				SWIFT_EMIT_LOC_STRINGS = YES;
				TARGETED_DEVICE_FAMILY = "1,2,6";
			};
			name = Debug;
		};
		D8FA65CF281FCB1900E32075 /* Release */ = {
			isa = XCBuildConfiguration;
			buildSettings = {
				ASSETCATALOG_COMPILER_APPICON_NAME = AppIcon;
				ASSETCATALOG_COMPILER_GLOBAL_ACCENT_COLOR_NAME = AccentColor;
				CODE_SIGN_ENTITLEMENTS = LarkRA/LarkRA.entitlements;
				CODE_SIGN_IDENTITY = "iPhone Developer";
				"CODE_SIGN_IDENTITY[sdk=macosx*]" = "Apple Development";
				CODE_SIGN_STYLE = Manual;
				CURRENT_PROJECT_VERSION = 1;
				DEVELOPMENT_TEAM = QY89R86Q5S;
				GENERATE_INFOPLIST_FILE = YES;
				INFOPLIST_FILE = LarkRA/Info.plist;
				INFOPLIST_KEY_CFBundleDisplayName = ToolsDog;
				INFOPLIST_KEY_LSApplicationCategoryType = "public.app-category.lifestyle";
				INFOPLIST_KEY_UIApplicationSupportsIndirectInputEvents = YES;
				INFOPLIST_KEY_UILaunchStoryboardName = LaunchScreen;
				INFOPLIST_KEY_UIMainStoryboardFile = Main;
				INFOPLIST_KEY_UISupportedInterfaceOrientations = "UIInterfaceOrientationPortrait UIInterfaceOrientationPortraitUpsideDown UIInterfaceOrientationLandscapeLeft UIInterfaceOrientationLandscapeRight";
				INFOPLIST_KEY_UISupportedInterfaceOrientations_iPad = "UIInterfaceOrientationPortrait UIInterfaceOrientationPortraitUpsideDown UIInterfaceOrientationLandscapeLeft UIInterfaceOrientationLandscapeRight";
				INFOPLIST_KEY_UISupportedInterfaceOrientations_iPhone = "UIInterfaceOrientationPortrait UIInterfaceOrientationLandscapeLeft UIInterfaceOrientationLandscapeRight";
				IPHONEOS_DEPLOYMENT_TARGET = 14.0;
				LD_RUNPATH_SEARCH_PATHS = (
					"$(inherited)",
					"@executable_path/Frameworks",
				);
				MARKETING_VERSION = 1.0;
				PRODUCT_BUNDLE_IDENTIFIER = com.tianyu.king.pi1xo;
				"PRODUCT_BUNDLE_IDENTIFIER[sdk=macosx*]" = com.tianyu.king.pi1xo;
				PRODUCT_NAME = "$(TARGET_NAME)";
				PROVISIONING_PROFILE_SPECIFIER = tianyu_dev;
				"PROVISIONING_PROFILE_SPECIFIER[sdk=macosx*]" = "";
				SUPPORTS_MACCATALYST = YES;
				SWIFT_EMIT_LOC_STRINGS = YES;
				TARGETED_DEVICE_FAMILY = "1,2,6";
			};
			name = Release;
		};
		D8FA65D1281FCB1900E32075 /* Debug */ = {
			isa = XCBuildConfiguration;
			buildSettings = {
				BUNDLE_LOADER = "$(TEST_HOST)";
				CODE_SIGN_STYLE = Automatic;
				CURRENT_PROJECT_VERSION = 1;
				GENERATE_INFOPLIST_FILE = YES;
				IPHONEOS_DEPLOYMENT_TARGET = 15.4;
				MARKETING_VERSION = 1.0;
				PRODUCT_BUNDLE_IDENTIFIER = com.tianyu.larkRA.LarkRATests;
				PRODUCT_NAME = "$(TARGET_NAME)";
				SWIFT_EMIT_LOC_STRINGS = NO;
				TARGETED_DEVICE_FAMILY = "1,2";
				TEST_HOST = "$(BUILT_PRODUCTS_DIR)/LarkRA.app/LarkRA";
			};
			name = Debug;
		};
		D8FA65D2281FCB1900E32075 /* Release */ = {
			isa = XCBuildConfiguration;
			buildSettings = {
				BUNDLE_LOADER = "$(TEST_HOST)";
				CODE_SIGN_STYLE = Automatic;
				CURRENT_PROJECT_VERSION = 1;
				GENERATE_INFOPLIST_FILE = YES;
				IPHONEOS_DEPLOYMENT_TARGET = 15.4;
				MARKETING_VERSION = 1.0;
				PRODUCT_BUNDLE_IDENTIFIER = com.tianyu.larkRA.LarkRATests;
				PRODUCT_NAME = "$(TARGET_NAME)";
				SWIFT_EMIT_LOC_STRINGS = NO;
				TARGETED_DEVICE_FAMILY = "1,2";
				TEST_HOST = "$(BUILT_PRODUCTS_DIR)/LarkRA.app/LarkRA";
			};
			name = Release;
		};
		D8FA65D4281FCB1900E32075 /* Debug */ = {
			isa = XCBuildConfiguration;
			buildSettings = {
				CODE_SIGN_STYLE = Automatic;
				CURRENT_PROJECT_VERSION = 1;
				GENERATE_INFOPLIST_FILE = YES;
				MARKETING_VERSION = 1.0;
				PRODUCT_BUNDLE_IDENTIFIER = com.tianyu.larkRA.LarkRAUITests;
				PRODUCT_NAME = "$(TARGET_NAME)";
				SWIFT_EMIT_LOC_STRINGS = NO;
				TARGETED_DEVICE_FAMILY = "1,2";
				TEST_TARGET_NAME = LarkRA;
			};
			name = Debug;
		};
		D8FA65D5281FCB1900E32075 /* Release */ = {
			isa = XCBuildConfiguration;
			buildSettings = {
				CODE_SIGN_STYLE = Automatic;
				CURRENT_PROJECT_VERSION = 1;
				GENERATE_INFOPLIST_FILE = YES;
				MARKETING_VERSION = 1.0;
				PRODUCT_BUNDLE_IDENTIFIER = com.tianyu.larkRA.LarkRAUITests;
				PRODUCT_NAME = "$(TARGET_NAME)";
				SWIFT_EMIT_LOC_STRINGS = NO;
				TARGETED_DEVICE_FAMILY = "1,2";
				TEST_TARGET_NAME = LarkRA;
			};
			name = Release;
		};
/* End XCBuildConfiguration section */

/* Begin XCConfigurationList section */
		D8FA6599281FCB1600E32075 /* Build configuration list for PBXProject "LarkRA" */ = {
			isa = XCConfigurationList;
			buildConfigurations = (
				D8FA65CB281FCB1900E32075 /* Debug */,
				D8FA65CC281FCB1900E32075 /* Release */,
			);
			defaultConfigurationIsVisible = 0;
			defaultConfigurationName = Release;
		};
		D8FA65CD281FCB1900E32075 /* Build configuration list for PBXNativeTarget "LarkRA" */ = {
			isa = XCConfigurationList;
			buildConfigurations = (
				D8FA65CE281FCB1900E32075 /* Debug */,
				D8FA65CF281FCB1900E32075 /* Release */,
			);
			defaultConfigurationIsVisible = 0;
			defaultConfigurationName = Release;
		};
		D8FA65D0281FCB1900E32075 /* Build configuration list for PBXNativeTarget "LarkRATests" */ = {
			isa = XCConfigurationList;
			buildConfigurations = (
				D8FA65D1281FCB1900E32075 /* Debug */,
				D8FA65D2281FCB1900E32075 /* Release */,
			);
			defaultConfigurationIsVisible = 0;
			defaultConfigurationName = Release;
		};
		D8FA65D3281FCB1900E32075 /* Build configuration list for PBXNativeTarget "LarkRAUITests" */ = {
			isa = XCConfigurationList;
			buildConfigurations = (
				D8FA65D4281FCB1900E32075 /* Debug */,
				D8FA65D5281FCB1900E32075 /* Release */,
			);
			defaultConfigurationIsVisible = 0;
			defaultConfigurationName = Release;
		};
/* End XCConfigurationList section */
	};
	rootObject = D8FA6596281FCB1600E32075 /* Project object */;
}
